PODS:
  - Flutter (1.0.0)
  - nfc_in_flutter (0.0.1):
    - Flutter

DEPENDENCIES:
  - Flutter (from `Flutter`)
  - nfc_in_flutter (from `.symlinks/plugins/nfc_in_flutter/ios`)

EXTERNAL SOURCES:
  Flutter:
    :path: Flutter
  nfc_in_flutter:
    :path: ".symlinks/plugins/nfc_in_flutter/ios"

SPEC CHECKSUMS:
  Flutter: 0e3d915762c693b495b44d77113d4970485de6ec
  nfc_in_flutter: 7bdee0252caa681f788dfb641600bc66afe4988e

PODFILE CHECKSUM: e836798565a8e5886466a690b17ae1141629c058

COCOAPODS: 1.9.3
