PODS:
  - Flutter (1.0.0)
  - nfc_in_flutter (0.0.1):
    - Flutter
    - NFCSwift
  - NFCSwift (1.0.0)

DEPENDENCIES:
  - Flutter (from `Flutter`)
  - nfc_in_flutter (from `.symlinks/plugins/nfc_in_flutter/ios`)

SPEC REPOS:
  trunk:
    - NFCSwift

EXTERNAL SOURCES:
  Flutter:
    :path: Flutter
  nfc_in_flutter:
    :path: ".symlinks/plugins/nfc_in_flutter/ios"

SPEC CHECKSUMS:
  Flutter: 0e3d915762c693b495b44d77113d4970485de6ec
  nfc_in_flutter: bec01c9b57c07dbcb2b2ca0ec4612f5e2d9e1e56
  NFCSwift: 45820c9f40495a28752bce2b90cc9a575eea4453

PODFILE CHECKSUM: 1b66dae606f75376c5f2135a8290850eeb09ae83

COCOAPODS: 1.8.3
